
Microsoft Visual Studio Solution File, Format Version 12.00
# Visual Studio 15
VisualStudioVersion = 15.0.28307.168
MinimumVisualStudioVersion = 10.0.40219.1
Project("{9A19103F-16F7-4668-BE54-9A1E7A4F7556}") = "React02", "React02\React02.csproj", "{EB6F47F2-12EC-40E9-9FDC-2FF51990DF28}"
EndProject
Project("{9A19103F-16F7-4668-BE54-9A1E7A4F7556}") = "React00", "React00\React00.csproj", "{D19AA49C-DC42-4A28-883D-BC2BA4C35AE6}"
EndProject
Project("{9A19103F-16F7-4668-BE54-9A1E7A4F7556}") = "React01", "React01\React01.csproj", "{C77A8504-1F04-4EEF-B8BC-FFA579CAB660}"
EndProject
Project("{9A19103F-16F7-4668-BE54-9A1E7A4F7556}") = "React03", "React03\React03.csproj", "{3BA7BE44-07FD-4BDC-9D68-A607AC702A2A}"
EndProject
Project("{9A19103F-16F7-4668-BE54-9A1E7A4F7556}") = "React04", "React04\React04.csproj", "{A60A1C66-F2E5-473C-A4E7-6201A47529D1}"
EndProject
Project("{FAE04EC0-301F-11D3-BF4B-00C04F79EFBC}") = "React.Common", "React.Common\React.Common.csproj", "{91B98D67-C65D-4EFF-9F1F-08D92033275D}"
EndProject
Global
	GlobalSection(SolutionConfigurationPlatforms) = preSolution
		Debug|Any CPU = Debug|Any CPU
		Release|Any CPU = Release|Any CPU
	EndGlobalSection
	GlobalSection(ProjectConfigurationPlatforms) = postSolution
		{EB6F47F2-12EC-40E9-9FDC-2FF51990DF28}.Debug|Any CPU.ActiveCfg = Debug|Any CPU
		{EB6F47F2-12EC-40E9-9FDC-2FF51990DF28}.Debug|Any CPU.Build.0 = Debug|Any CPU
		{EB6F47F2-12EC-40E9-9FDC-2FF51990DF28}.Release|Any CPU.ActiveCfg = Release|Any CPU
		{EB6F47F2-12EC-40E9-9FDC-2FF51990DF28}.Release|Any CPU.Build.0 = Release|Any CPU
		{D19AA49C-DC42-4A28-883D-BC2BA4C35AE6}.Debug|Any CPU.ActiveCfg = Debug|Any CPU
		{D19AA49C-DC42-4A28-883D-BC2BA4C35AE6}.Debug|Any CPU.Build.0 = Debug|Any CPU
		{D19AA49C-DC42-4A28-883D-BC2BA4C35AE6}.Release|Any CPU.ActiveCfg = Release|Any CPU
		{D19AA49C-DC42-4A28-883D-BC2BA4C35AE6}.Release|Any CPU.Build.0 = Release|Any CPU
		{C77A8504-1F04-4EEF-B8BC-FFA579CAB660}.Debug|Any CPU.ActiveCfg = Debug|Any CPU
		{C77A8504-1F04-4EEF-B8BC-FFA579CAB660}.Debug|Any CPU.Build.0 = Debug|Any CPU
		{C77A8504-1F04-4EEF-B8BC-FFA579CAB660}.Release|Any CPU.ActiveCfg = Release|Any CPU
		{C77A8504-1F04-4EEF-B8BC-FFA579CAB660}.Release|Any CPU.Build.0 = Release|Any CPU
		{3BA7BE44-07FD-4BDC-9D68-A607AC702A2A}.Debug|Any CPU.ActiveCfg = Debug|Any CPU
		{3BA7BE44-07FD-4BDC-9D68-A607AC702A2A}.Debug|Any CPU.Build.0 = Debug|Any CPU
		{3BA7BE44-07FD-4BDC-9D68-A607AC702A2A}.Release|Any CPU.ActiveCfg = Release|Any CPU
		{3BA7BE44-07FD-4BDC-9D68-A607AC702A2A}.Release|Any CPU.Build.0 = Release|Any CPU
		{A60A1C66-F2E5-473C-A4E7-6201A47529D1}.Debug|Any CPU.ActiveCfg = Debug|Any CPU
		{A60A1C66-F2E5-473C-A4E7-6201A47529D1}.Debug|Any CPU.Build.0 = Debug|Any CPU
		{A60A1C66-F2E5-473C-A4E7-6201A47529D1}.Release|Any CPU.ActiveCfg = Release|Any CPU
		{A60A1C66-F2E5-473C-A4E7-6201A47529D1}.Release|Any CPU.Build.0 = Release|Any CPU
		{91B98D67-C65D-4EFF-9F1F-08D92033275D}.Debug|Any CPU.ActiveCfg = Debug|Any CPU
		{91B98D67-C65D-4EFF-9F1F-08D92033275D}.Debug|Any CPU.Build.0 = Debug|Any CPU
		{91B98D67-C65D-4EFF-9F1F-08D92033275D}.Release|Any CPU.ActiveCfg = Release|Any CPU
		{91B98D67-C65D-4EFF-9F1F-08D92033275D}.Release|Any CPU.Build.0 = Release|Any CPU
	EndGlobalSection
	GlobalSection(SolutionProperties) = preSolution
		HideSolutionNode = FALSE
	EndGlobalSection
	GlobalSection(ExtensibilityGlobals) = postSolution
		SolutionGuid = {6440539F-79EE-4D22-85AD-629EA54EA47D}
	EndGlobalSection
EndGlobal
